
Microsoft Visual Studio Solution File, Format Version 12.00
# Visual Studio Version 17
VisualStudioVersion = 17.6.33801.468
MinimumVisualStudioVersion = 10.0.40219.1
Project("{FAE04EC0-301F-11D3-BF4B-00C04F79EFBC}") = "MathQuiz", "MathQuiz\MathQuiz.csproj", "{F5E39058-BA1C-47C5-A812-EC7CF7CB3D87}"
EndProject
Global
	GlobalSection(SolutionConfigurationPlatforms) = preSolution
		Debug|Any CPU = Debug|Any CPU
		Release|Any CPU = Release|Any CPU
	EndGlobalSection
	GlobalSection(ProjectConfigurationPlatforms) = postSolution
		{F5E39058-BA1C-47C5-A812-EC7CF7CB3D87}.Debug|Any CPU.ActiveCfg = Debug|Any CPU
		{F5E39058-BA1C-47C5-A812-EC7CF7CB3D87}.Debug|Any CPU.Build.0 = Debug|Any CPU
		{F5E39058-BA1C-47C5-A812-EC7CF7CB3D87}.Release|Any CPU.ActiveCfg = Release|Any CPU
		{F5E39058-BA1C-47C5-A812-EC7CF7CB3D87}.Release|Any CPU.Build.0 = Release|Any CPU
	EndGlobalSection
	GlobalSection(SolutionProperties) = preSolution
		HideSolutionNode = FALSE
	EndGlobalSection
	GlobalSection(ExtensibilityGlobals) = postSolution
		SolutionGuid = {6E398445-C421-4000-BF5B-3C19C9B74594}
	EndGlobalSection
EndGlobal
